// !$*UTF8*$!
{
	archiveVersion = 1;
	classes = {
	};
	objectVersion = 46;
	objects = {

/* Begin PBXBuildFile section */
		201C975E1C90801900AEEDBF /* AppDelegate.swift in Sources */ = {isa = PBXBuildFile; fileRef = 201C975D1C90801900AEEDBF /* AppDelegate.swift */; };
		201C97601C90801900AEEDBF /* ViewController.swift in Sources */ = {isa = PBXBuildFile; fileRef = 201C975F1C90801900AEEDBF /* ViewController.swift */; };
		201C97631C90801900AEEDBF /* Main.storyboard in Resources */ = {isa = PBXBuildFile; fileRef = 201C97611C90801900AEEDBF /* Main.storyboard */; };
		201C97651C90801900AEEDBF /* Assets.xcassets in Resources */ = {isa = PBXBuildFile; fileRef = 201C97641C90801900AEEDBF /* Assets.xcassets */; };
		201C97681C90801900AEEDBF /* LaunchScreen.storyboard in Resources */ = {isa = PBXBuildFile; fileRef = 201C97661C90801900AEEDBF /* LaunchScreen.storyboard */; };
/* End PBXBuildFile section */

/* Begin PBXFileReference section */
		201C975A1C90801900AEEDBF /* tapper-exteme.app */ = {isa = PBXFileReference; explicitFileType = wrapper.application; includeInIndex = 0; path = "tapper-exteme.app"; sourceTree = BUILT_PRODUCTS_DIR; };
		201C975D1C90801900AEEDBF /* AppDelegate.swift */ = {isa = PBXFileReference; lastKnownFileType = sourcecode.swift; path = AppDelegate.swift; sourceTree = "<group>"; };
		201C975F1C90801900AEEDBF /* ViewController.swift */ = {isa = PBXFileReference; lastKnownFileType = sourcecode.swift; path = ViewController.swift; sourceTree = "<group>"; };
		201C97621C90801900AEEDBF /* Base */ = {isa = PBXFileReference; lastKnownFileType = file.storyboard; name = Base; path = Base.lproj/Main.storyboard; sourceTree = "<group>"; };
		201C97641C90801900AEEDBF /* Assets.xcassets */ = {isa = PBXFileReference; lastKnownFileType = folder.assetcatalog; path = Assets.xcassets; sourceTree = "<group>"; };
		201C97671C90801900AEEDBF /* Base */ = {isa = PBXFileReference; lastKnownFileType = file.storyboard; name = Base; path = Base.lproj/LaunchScreen.storyboard; sourceTree = "<group>"; };
		201C97691C90801900AEEDBF /* Info.plist */ = {isa = PBXFileReference; lastKnownFileType = text.plist.xml; path = Info.plist; sourceTree = "<group>"; };
/* End PBXFileReference section */

/* Begin PBXFrameworksBuildPhase section */
		201C97571C90801900AEEDBF /* Frameworks */ = {
			isa = PBXFrameworksBuildPhase;
			buildActionMask = 2147483647;
			files = (
			);
			runOnlyForDeploymentPostprocessing = 0;
		};
/* End PBXFrameworksBuildPhase section */

/* Begin PBXGroup section */
		201C97511C90801900AEEDBF = {
			isa = PBXGroup;
			children = (
				201C975C1C90801900AEEDBF /* tapper-exteme */,
				201C975B1C90801900AEEDBF /* Products */,
			);
			sourceTree = "<group>";
		};
		201C975B1C90801900AEEDBF /* Products */ = {
			isa = PBXGroup;
			children = (
				201C975A1C90801900AEEDBF /* tapper-exteme.app */,
			);
			name = Products;
			sourceTree = "<group>";
		};
		201C975C1C90801900AEEDBF /* tapper-exteme */ = {
			isa = PBXGroup;
			children = (
				201C975D1C90801900AEEDBF /* AppDelegate.swift */,
				201C975F1C90801900AEEDBF /* ViewController.swift */,
				201C97611C90801900AEEDBF /* Main.storyboard */,
				201C97641C90801900AEEDBF /* Assets.xcassets */,
				201C97661C90801900AEEDBF /* LaunchScreen.storyboard */,
				201C97691C90801900AEEDBF /* Info.plist */,
			);
			path = "tapper-exteme";
			sourceTree = "<group>";
		};
/* End PBXGroup section */

/* Begin PBXNativeTarget section */
		201C97591C90801900AEEDBF /* tapper-exteme */ = {
			isa = PBXNativeTarget;
			buildConfigurationList = 201C976C1C90801900AEEDBF /* Build configuration list for PBXNativeTarget "tapper-exteme" */;
			buildPhases = (
				201C97561C90801900AEEDBF /* Sources */,
				201C97571C90801900AEEDBF /* Frameworks */,
				201C97581C90801900AEEDBF /* Resources */,
			);
			buildRules = (
			);
			dependencies = (
			);
			name = "tapper-exteme";
			productName = "tapper-exteme";
			productReference = 201C975A1C90801900AEEDBF /* tapper-exteme.app */;
			productType = "com.apple.product-type.application";
		};
/* End PBXNativeTarget section */

/* Begin PBXProject section */
		201C97521C90801900AEEDBF /* Project object */ = {
			isa = PBXProject;
			attributes = {
				LastSwiftUpdateCheck = 0720;
				LastUpgradeCheck = 0720;
				ORGANIZATIONNAME = vhm;
				TargetAttributes = {
					201C97591C90801900AEEDBF = {
						CreatedOnToolsVersion = 7.2;
					};
				};
			};
			buildConfigurationList = 201C97551C90801900AEEDBF /* Build configuration list for PBXProject "tapper-exteme" */;
			compatibilityVersion = "Xcode 3.2";
			developmentRegion = English;
			hasScannedForEncodings = 0;
			knownRegions = (
				en,
				Base,
			);
			mainGroup = 201C97511C90801900AEEDBF;
			productRefGroup = 201C975B1C90801900AEEDBF /* Products */;
			projectDirPath = "";
			projectRoot = "";
			targets = (
				201C97591C90801900AEEDBF /* tapper-exteme */,
			);
		};
/* End PBXProject section */

/* Begin PBXResourcesBuildPhase section */
		201C97581C90801900AEEDBF /* Resources */ = {
			isa = PBXResourcesBuildPhase;
			buildActionMask = 2147483647;
			files = (
				201C97681C90801900AEEDBF /* LaunchScreen.storyboard in Resources */,
				201C97651C90801900AEEDBF /* Assets.xcassets in Resources */,
				201C97631C90801900AEEDBF /* Main.storyboard in Resources */,
			);
			runOnlyForDeploymentPostprocessing = 0;
		};
/* End PBXResourcesBuildPhase section */

/* Begin PBXSourcesBuildPhase section */
		201C97561C90801900AEEDBF /* Sources */ = {
			isa = PBXSourcesBuildPhase;
			buildActionMask = 2147483647;
			files = (
				201C97601C90801900AEEDBF /* ViewController.swift in Sources */,
				201C975E1C90801900AEEDBF /* AppDelegate.swift in Sources */,
			);
			runOnlyForDeploymentPostprocessing = 0;
		};
/* End PBXSourcesBuildPhase section */

/* Begin PBXVariantGroup section */
		201C97611C90801900AEEDBF /* Main.storyboard */ = {
			isa = PBXVariantGroup;
			children = (
				201C97621C90801900AEEDBF /* Base */,
			);
			name = Main.storyboard;
			sourceTree = "<group>";
		};
		201C97661C90801900AEEDBF /* LaunchScreen.storyboard */ = {
			isa = PBXVariantGroup;
			children = (
				201C97671C90801900AEEDBF /* Base */,
			);
			name = LaunchScreen.storyboard;
			sourceTree = "<group>";
		};
/* End PBXVariantGroup section */

/* Begin XCBuildConfiguration section */
		201C976A1C90801900AEEDBF /* Debug */ = {
			isa = XCBuildConfiguration;
			buildSettings = {
				ALWAYS_SEARCH_USER_PATHS = NO;
				CLANG_CXX_LANGUAGE_STANDARD = "gnu++0x";
				CLANG_CXX_LIBRARY = "libc++";
				CLANG_ENABLE_MODULES = YES;
				CLANG_ENABLE_OBJC_ARC = YES;
				CLANG_WARN_BOOL_CONVERSION = YES;
				CLANG_WARN_CONSTANT_CONVERSION = YES;
				CLANG_WARN_DIRECT_OBJC_ISA_USAGE = YES_ERROR;
				CLANG_WARN_EMPTY_BODY = YES;
				CLANG_WARN_ENUM_CONVERSION = YES;
				CLANG_WARN_INT_CONVERSION = YES;
				CLANG_WARN_OBJC_ROOT_CLASS = YES_ERROR;
				CLANG_WARN_UNREACHABLE_CODE = YES;
				CLANG_WARN__DUPLICATE_METHOD_MATCH = YES;
				"CODE_SIGN_IDENTITY[sdk=iphoneos*]" = "iPhone Developer";
				COPY_PHASE_STRIP = NO;
				DEBUG_INFORMATION_FORMAT = dwarf;
				ENABLE_STRICT_OBJC_MSGSEND = YES;
				ENABLE_TESTABILITY = YES;
				GCC_C_LANGUAGE_STANDARD = gnu99;
				GCC_DYNAMIC_NO_PIC = NO;
				GCC_NO_COMMON_BLOCKS = YES;
				GCC_OPTIMIZATION_LEVEL = 0;
				GCC_PREPROCESSOR_DEFINITIONS = (
					"DEBUG=1",
					"$(inherited)",
				);
				GCC_WARN_64_TO_32_BIT_CONVERSION = YES;
				GCC_WARN_ABOUT_RETURN_TYPE = YES_ERROR;
				GCC_WARN_UNDECLARED_SELECTOR = YES;
				GCC_WARN_UNINITIALIZED_AUTOS = YES_AGGRESSIVE;
				GCC_WARN_UNUSED_FUNCTION = YES;
				GCC_WARN_UNUSED_VARIABLE = YES;
				IPHONEOS_DEPLOYMENT_TARGET = 9.2;
				MTL_ENABLE_DEBUG_INFO = YES;
				ONLY_ACTIVE_ARCH = YES;
				SDKROOT = iphoneos;
				SWIFT_OPTIMIZATION_LEVEL = "-Onone";
			};
			name = Debug;
		};
		201C976B1C90801900AEEDBF /* Release */ = {
			isa = XCBuildConfiguration;
			buildSettings = {
				ALWAYS_SEARCH_USER_PATHS = NO;
				CLANG_CXX_LANGUAGE_STANDARD = "gnu++0x";
				CLANG_CXX_LIBRARY = "libc++";
				CLANG_ENABLE_MODULES = YES;
				CLANG_ENABLE_OBJC_ARC = YES;
				CLANG_WARN_BOOL_CONVERSION = YES;
				CLANG_WARN_CONSTANT_CONVERSION = YES;
				CLANG_WARN_DIRECT_OBJC_ISA_USAGE = YES_ERROR;
				CLANG_WARN_EMPTY_BODY = YES;
				CLANG_WARN_ENUM_CONVERSION = YES;
				CLANG_WARN_INT_CONVERSION = YES;
				CLANG_WARN_OBJC_ROOT_CLASS = YES_ERROR;
				CLANG_WARN_UNREACHABLE_CODE = YES;
				CLANG_WARN__DUPLICATE_METHOD_MATCH = YES;
				"CODE_SIGN_IDENTITY[sdk=iphoneos*]" = "iPhone Developer";
				COPY_PHASE_STRIP = NO;
				DEBUG_INFORMATION_FORMAT = "dwarf-with-dsym";
				ENABLE_NS_ASSERTIONS = NO;
				ENABLE_STRICT_OBJC_MSGSEND = YES;
				GCC_C_LANGUAGE_STANDARD = gnu99;
				GCC_NO_COMMON_BLOCKS = YES;
				GCC_WARN_64_TO_32_BIT_CONVERSION = YES;
				GCC_WARN_ABOUT_RETURN_TYPE = YES_ERROR;
				GCC_WARN_UNDECLARED_SELECTOR = YES;
				GCC_WARN_UNINITIALIZED_AUTOS = YES_AGGRESSIVE;
				GCC_WARN_UNUSED_FUNCTION = YES;
				GCC_WARN_UNUSED_VARIABLE = YES;
				IPHONEOS_DEPLOYMENT_TARGET = 9.2;
				MTL_ENABLE_DEBUG_INFO = NO;
				SDKROOT = iphoneos;
				VALIDATE_PRODUCT = YES;
			};
			name = Release;
		};
		201C976D1C90801900AEEDBF /* Debug */ = {
			isa = XCBuildConfiguration;
			buildSettings = {
				ASSETCATALOG_COMPILER_APPICON_NAME = AppIcon;
				INFOPLIST_FILE = "tapper-exteme/Info.plist";
				LD_RUNPATH_SEARCH_PATHS = "$(inherited) @executable_path/Frameworks";
				PRODUCT_BUNDLE_IDENTIFIER = "com.vhm.tapper-exteme";
				PRODUCT_NAME = "$(TARGET_NAME)";
			};
			name = Debug;
		};
		201C976E1C90801900AEEDBF /* Release */ = {
			isa = XCBuildConfiguration;
			buildSettings = {
				ASSETCATALOG_COMPILER_APPICON_NAME = AppIcon;
				INFOPLIST_FILE = "tapper-exteme/Info.plist";
				LD_RUNPATH_SEARCH_PATHS = "$(inherited) @executable_path/Frameworks";
				PRODUCT_BUNDLE_IDENTIFIER = "com.vhm.tapper-exteme";
				PRODUCT_NAME = "$(TARGET_NAME)";
			};
			name = Release;
		};
/* End XCBuildConfiguration section */

/* Begin XCConfigurationList section */
		201C97551C90801900AEEDBF /* Build configuration list for PBXProject "tapper-exteme" */ = {
			isa = XCConfigurationList;
			buildConfigurations = (
				201C976A1C90801900AEEDBF /* Debug */,
				201C976B1C90801900AEEDBF /* Release */,
			);
			defaultConfigurationIsVisible = 0;
			defaultConfigurationName = Release;
		};
		201C976C1C90801900AEEDBF /* Build configuration list for PBXNativeTarget "tapper-exteme" */ = {
			isa = XCConfigurationList;
			buildConfigurations = (
				201C976D1C90801900AEEDBF /* Debug */,
				201C976E1C90801900AEEDBF /* Release */,
			);
			defaultConfigurationIsVisible = 0;
		};
/* End XCConfigurationList section */
	};
	rootObject = 201C97521C90801900AEEDBF /* Project object */;
}
